
Microsoft Visual Studio Solution File, Format Version 12.00
# Visual Studio Version 17
VisualStudioVersion = 17.6.33815.320
MinimumVisualStudioVersion = 10.0.40219.1
Project("{FAE04EC0-301F-11D3-BF4B-00C04F79EFBC}") = "Draftworx-Assessment-API", "Draftworx-Assessment-API\Draftworx-Assessment-API.csproj", "{DAAC2A62-748B-447F-A219-B329C7805A99}"
EndProject
Global
	GlobalSection(SolutionConfigurationPlatforms) = preSolution
		Debug|Any CPU = Debug|Any CPU
		Release|Any CPU = Release|Any CPU
	EndGlobalSection
	GlobalSection(ProjectConfigurationPlatforms) = postSolution
		{DAAC2A62-748B-447F-A219-B329C7805A99}.Debug|Any CPU.ActiveCfg = Debug|Any CPU
		{DAAC2A62-748B-447F-A219-B329C7805A99}.Debug|Any CPU.Build.0 = Debug|Any CPU
		{DAAC2A62-748B-447F-A219-B329C7805A99}.Release|Any CPU.ActiveCfg = Release|Any CPU
		{DAAC2A62-748B-447F-A219-B329C7805A99}.Release|Any CPU.Build.0 = Release|Any CPU
	EndGlobalSection
	GlobalSection(SolutionProperties) = preSolution
		HideSolutionNode = FALSE
	EndGlobalSection
	GlobalSection(ExtensibilityGlobals) = postSolution
		SolutionGuid = {41FC5CD5-D607-429A-9BE1-47CED5895B2C}
	EndGlobalSection
EndGlobal
